
Microsoft Visual Studio Solution File, Format Version 12.00
# Visual Studio Version 17
VisualStudioVersion = 17.0.31903.59
MinimumVisualStudioVersion = 10.0.40219.1
Project("{FAE04EC0-301F-11D3-BF4B-00C04F79EFBC}") = "BookList.Api", "BookList.Api\BookList.Api.csproj", "{9EF727B0-153D-4E45-BA73-8B929F8E2A04}"
EndProject
Project("{FAE04EC0-301F-11D3-BF4B-00C04F79EFBC}") = "BookList.DataAccess", "BookList.DataAccess\BookList.DataAccess.csproj", "{DE192D04-B40E-41C8-9AC4-CE22A3FF7504}"
EndProject
Global
	GlobalSection(SolutionConfigurationPlatforms) = preSolution
		Debug|Any CPU = Debug|Any CPU
		Release|Any CPU = Release|Any CPU
	EndGlobalSection
	GlobalSection(ProjectConfigurationPlatforms) = postSolution
		{9EF727B0-153D-4E45-BA73-8B929F8E2A04}.Debug|Any CPU.ActiveCfg = Debug|Any CPU
		{9EF727B0-153D-4E45-BA73-8B929F8E2A04}.Debug|Any CPU.Build.0 = Debug|Any CPU
		{9EF727B0-153D-4E45-BA73-8B929F8E2A04}.Release|Any CPU.ActiveCfg = Release|Any CPU
		{9EF727B0-153D-4E45-BA73-8B929F8E2A04}.Release|Any CPU.Build.0 = Release|Any CPU
		{DE192D04-B40E-41C8-9AC4-CE22A3FF7504}.Debug|Any CPU.ActiveCfg = Debug|Any CPU
		{DE192D04-B40E-41C8-9AC4-CE22A3FF7504}.Debug|Any CPU.Build.0 = Debug|Any CPU
		{DE192D04-B40E-41C8-9AC4-CE22A3FF7504}.Release|Any CPU.ActiveCfg = Release|Any CPU
		{DE192D04-B40E-41C8-9AC4-CE22A3FF7504}.Release|Any CPU.Build.0 = Release|Any CPU
	EndGlobalSection
	GlobalSection(SolutionProperties) = preSolution
		HideSolutionNode = FALSE
	EndGlobalSection
EndGlobal
